# THIS IS AN AUTOGENERATED FILE. DO NOT EDIT THIS FILE DIRECTLY.
# yarn lockfile v1


"@types/accepts@*":
  version "1.3.5"
  resolved "https://registry.yarnpkg.com/@types/accepts/-/accepts-1.3.5.tgz#c34bec115cfc746e04fe5a059df4ce7e7b391575"
  integrity sha512-jOdnI/3qTpHABjM5cx1Hc0sKsPoYCp+DP/GJRGtDlPd7fiV9oXGGIcjW/ZOxLIvjGz8MA+uMZI9metHlgqbgwQ==
  dependencies:
    "@types/node" "*"

"@types/body-parser@*":
  version "1.19.0"
  resolved "https://registry.yarnpkg.com/@types/body-parser/-/body-parser-1.19.0.tgz#0685b3c47eb3006ffed117cdd55164b61f80538f"
  integrity sha512-W98JrE0j2K78swW4ukqMleo8R7h/pFETjM2DQ90MF6XK2i4LO4W3gQ71Lt4w3bfm2EvVSyWHplECvB5sK22yFQ==
  dependencies:
    "@types/connect" "*"
    "@types/node" "*"

"@types/connect@*":
  version "3.4.34"
  resolved "https://registry.yarnpkg.com/@types/connect/-/connect-3.4.34.tgz#170a40223a6d666006d93ca128af2beb1d9b1901"
  integrity sha512-ePPA/JuI+X0vb+gSWlPKOY0NdNAie/rPUqX2GUPpbZwiKTkSPhjXWuee47E4MtE54QVzGCQMQkAL6JhV2E1+cQ==
  dependencies:
    "@types/node" "*"

"@types/content-disposition@*":
  version "0.5.3"
  resolved "https://registry.yarnpkg.com/@types/content-disposition/-/content-disposition-0.5.3.tgz#0aa116701955c2faa0717fc69cd1596095e49d96"
  integrity sha512-P1bffQfhD3O4LW0ioENXUhZ9OIa0Zn+P7M+pWgkCKaT53wVLSq0mrKksCID/FGHpFhRSxRGhgrQmfhRuzwtKdg==

"@types/cookies@*":
  version "0.7.5"
  resolved "https://registry.yarnpkg.com/@types/cookies/-/cookies-0.7.5.tgz#aa42c9a9834724bffee597028da5319b38e85e84"
  integrity sha512-3+TAFSm78O7/bAeYdB8FoYGntuT87vVP9JKuQRL8sRhv9313LP2SpHHL50VeFtnyjIcb3UELddMk5Yt0eOSOkg==
  dependencies:
    "@types/connect" "*"
    "@types/express" "*"
    "@types/keygrip" "*"
    "@types/node" "*"

"@types/express-serve-static-core@*":
  version "4.17.17"
  resolved "https://registry.yarnpkg.com/@types/express-serve-static-core/-/express-serve-static-core-4.17.17.tgz#6ba02465165b6c9c3d8db3a28def6b16fc9b70f5"
  integrity sha512-YYlVaCni5dnHc+bLZfY908IG1+x5xuibKZMGv8srKkvtul3wUuanYvpIj9GXXoWkQbaAdR+kgX46IETKUALWNQ==
  dependencies:
    "@types/node" "*"
    "@types/qs" "*"
    "@types/range-parser" "*"

"@types/express@*":
  version "4.17.9"
  resolved "https://registry.yarnpkg.com/@types/express/-/express-4.17.9.tgz#f5f2df6add703ff28428add52bdec8a1091b0a78"
  integrity sha512-SDzEIZInC4sivGIFY4Sz1GG6J9UObPwCInYJjko2jzOf/Imx/dlpume6Xxwj1ORL82tBbmN4cPDIDkLbWHk9hw==
  dependencies:
    "@types/body-parser" "*"
    "@types/express-serve-static-core" "*"
    "@types/qs" "*"
    "@types/serve-static" "*"

"@types/http-assert@*":
  version "1.5.1"
  resolved "https://registry.yarnpkg.com/@types/http-assert/-/http-assert-1.5.1.tgz#d775e93630c2469c2f980fc27e3143240335db3b"
  integrity sha512-PGAK759pxyfXE78NbKxyfRcWYA/KwW17X290cNev/qAsn9eQIxkH4shoNBafH37wewhDG/0p1cHPbK6+SzZjWQ==

"@types/http-errors@*":
  version "1.8.0"
  resolved "https://registry.yarnpkg.com/@types/http-errors/-/http-errors-1.8.0.tgz#682477dbbbd07cd032731cb3b0e7eaee3d026b69"
  integrity sha512-2aoSC4UUbHDj2uCsCxcG/vRMXey/m17bC7UwitVm5hn22nI8O8Y9iDpA76Orc+DWkQ4zZrOKEshCqR/jSuXAHA==

"@types/keygrip@*":
  version "1.0.2"
  resolved "https://registry.yarnpkg.com/@types/keygrip/-/keygrip-1.0.2.tgz#513abfd256d7ad0bf1ee1873606317b33b1b2a72"
  integrity sha512-GJhpTepz2udxGexqos8wgaBx4I/zWIDPh/KOGEwAqtuGDkOUJu5eFvwmdBX4AmB8Odsr+9pHCQqiAqDL/yKMKw==

"@types/koa-compose@*":
  version "3.2.5"
  resolved "https://registry.yarnpkg.com/@types/koa-compose/-/koa-compose-3.2.5.tgz#85eb2e80ac50be95f37ccf8c407c09bbe3468e9d"
  integrity sha512-B8nG/OoE1ORZqCkBVsup/AKcvjdgoHnfi4pZMn5UwAPCbhk/96xyv284eBYW8JlQbQ7zDmnpFr68I/40mFoIBQ==
  dependencies:
    "@types/koa" "*"

"@types/koa@*", "@types/koa@^2.11.6":
  version "2.11.6"
  resolved "https://registry.yarnpkg.com/@types/koa/-/koa-2.11.6.tgz#b7030caa6b44af801c2aea13ba77d74aff7484d5"
  integrity sha512-BhyrMj06eQkk04C97fovEDQMpLpd2IxCB4ecitaXwOKGq78Wi2tooaDOWOFGajPk8IkQOAtMppApgSVkYe1F/A==
  dependencies:
    "@types/accepts" "*"
    "@types/content-disposition" "*"
    "@types/cookies" "*"
    "@types/http-assert" "*"
    "@types/http-errors" "*"
    "@types/keygrip" "*"
    "@types/koa-compose" "*"
    "@types/node" "*"

"@types/lodash@^4.14.165":
  version "4.14.165"
  resolved "https://registry.yarnpkg.com/@types/lodash/-/lodash-4.14.165.tgz#74d55d947452e2de0742bad65270433b63a8c30f"
  integrity sha512-tjSSOTHhI5mCHTy/OOXYIhi2Wt1qcbHmuXD1Ha7q70CgI/I71afO4XtLb/cVexki1oVYchpul/TOuu3Arcdxrg==

"@types/mime@*":
  version "2.0.3"
  resolved "https://registry.yarnpkg.com/@types/mime/-/mime-2.0.3.tgz#c893b73721db73699943bfc3653b1deb7faa4a3a"
  integrity sha512-Jus9s4CDbqwocc5pOAnh8ShfrnMcPHuJYzVcSUU7lrh8Ni5HuIqX3oilL86p3dlTrk0LzHRCgA/GQ7uNCw6l2Q==

"@types/node@*", "@types/node@^14.14.14":
  version "14.14.14"
  resolved "https://registry.yarnpkg.com/@types/node/-/node-14.14.14.tgz#f7fd5f3cc8521301119f63910f0fb965c7d761ae"
  integrity sha512-UHnOPWVWV1z+VV8k6L1HhG7UbGBgIdghqF3l9Ny9ApPghbjICXkUJSd/b9gOgQfjM1r+37cipdw/HJ3F6ICEnQ==

"@types/qs@*":
  version "6.9.5"
  resolved "https://registry.yarnpkg.com/@types/qs/-/qs-6.9.5.tgz#434711bdd49eb5ee69d90c1d67c354a9a8ecb18b"
  integrity sha512-/JHkVHtx/REVG0VVToGRGH2+23hsYLHdyG+GrvoUGlGAd0ErauXDyvHtRI/7H7mzLm+tBCKA7pfcpkQ1lf58iQ==

"@types/range-parser@*":
  version "1.2.3"
  resolved "https://registry.yarnpkg.com/@types/range-parser/-/range-parser-1.2.3.tgz#7ee330ba7caafb98090bece86a5ee44115904c2c"
  integrity sha512-ewFXqrQHlFsgc09MK5jP5iR7vumV/BYayNC6PgJO2LPe8vrnNFyjQjSppfEngITi0qvfKtzFvgKymGheFM9UOA==

"@types/serve-static@*":
  version "1.13.8"
  resolved "https://registry.yarnpkg.com/@types/serve-static/-/serve-static-1.13.8.tgz#851129d434433c7082148574ffec263d58309c46"
  integrity sha512-MoJhSQreaVoL+/hurAZzIm8wafFR6ajiTM1m4A0kv6AGeVBl4r4pOV8bGFrjjq1sGxDTnCoF8i22o0/aE5XCyA==
  dependencies:
    "@types/mime" "*"
    "@types/node" "*"

strapi-plugin-preview@^0.4.1:
  version "0.4.1"
  resolved "https://registry.yarnpkg.com/strapi-plugin-preview/-/strapi-plugin-preview-0.4.1.tgz#b7d6c10166377a74e8ea51b0e56e770786e6dfff"
  integrity sha512-IqpP7Huw76HWaSXkUXrsuAGo9cgQqRSWkEhhAX5Jf577uHQszSoXNMxAngdfpc+wVM9nc0m1EI7cpmcpzeXZPQ==

typescript@^4.1.3:
  version "4.1.3"
  resolved "https://registry.yarnpkg.com/typescript/-/typescript-4.1.3.tgz#519d582bd94cba0cf8934c7d8e8467e473f53bb7"
  integrity sha512-B3ZIOf1IKeH2ixgHhj6la6xdwR9QrLC5d1VKeCSY4tvkqhF2eqd9O7txNlS0PO3GrBAFIdr3L1ndNwteUbZLYg==
